
Microsoft Visual Studio Solution File, Format Version 12.00
# Visual Studio Version 16
VisualStudioVersion = 16.0.32002.261
MinimumVisualStudioVersion = 10.0.40219.1
Project("{FAE04EC0-301F-11D3-BF4B-00C04F79EFBC}") = "Data_Structure_HackerRank", "Data_Structure_HackerRank\Data_Structure_HackerRank.csproj", "{0236847B-8E23-4D56-824B-304E08A6AF29}"
EndProject
Project("{FAE04EC0-301F-11D3-BF4B-00C04F79EFBC}") = "LeetCode_Solves", "LeetCode_Solves\LeetCode_Solves.csproj", "{DFC24083-EA76-43A1-AA4D-DA2771D73253}"
EndProject
Global
	GlobalSection(SolutionConfigurationPlatforms) = preSolution
		Debug|Any CPU = Debug|Any CPU
		Release|Any CPU = Release|Any CPU
	EndGlobalSection
	GlobalSection(ProjectConfigurationPlatforms) = postSolution
		{0236847B-8E23-4D56-824B-304E08A6AF29}.Debug|Any CPU.ActiveCfg = Debug|Any CPU
		{0236847B-8E23-4D56-824B-304E08A6AF29}.Debug|Any CPU.Build.0 = Debug|Any CPU
		{0236847B-8E23-4D56-824B-304E08A6AF29}.Release|Any CPU.ActiveCfg = Release|Any CPU
		{0236847B-8E23-4D56-824B-304E08A6AF29}.Release|Any CPU.Build.0 = Release|Any CPU
		{DFC24083-EA76-43A1-AA4D-DA2771D73253}.Debug|Any CPU.ActiveCfg = Debug|Any CPU
		{DFC24083-EA76-43A1-AA4D-DA2771D73253}.Debug|Any CPU.Build.0 = Debug|Any CPU
		{DFC24083-EA76-43A1-AA4D-DA2771D73253}.Release|Any CPU.ActiveCfg = Release|Any CPU
		{DFC24083-EA76-43A1-AA4D-DA2771D73253}.Release|Any CPU.Build.0 = Release|Any CPU
	EndGlobalSection
	GlobalSection(SolutionProperties) = preSolution
		HideSolutionNode = FALSE
	EndGlobalSection
	GlobalSection(ExtensibilityGlobals) = postSolution
		SolutionGuid = {20B190B7-89ED-4191-9BF8-BA11A7675FEC}
	EndGlobalSection
EndGlobal
